
Microsoft Visual Studio Solution File, Format Version 12.00
# Visual Studio Version 17
VisualStudioVersion = 17.2.32602.215
MinimumVisualStudioVersion = 10.0.40219.1
Project("{9A19103F-16F7-4668-BE54-9A1E7A4F7556}") = "IntroTo.GameEngine.Triangle", "IntroTo.GameEngine.Triangle\IntroTo.GameEngine.Triangle.csproj", "{7C884026-1736-4794-94DB-5AC7060C790F}"
EndProject
Project("{9A19103F-16F7-4668-BE54-9A1E7A4F7556}") = "IntroTo.GameEngine.Rectangle", "IntroTo.GameEngine.Rectangle\IntroTo.GameEngine.Rectangle.csproj", "{A46B36F0-3114-4340-92D1-2E3D91D04C48}"
EndProject
Project("{FAE04EC0-301F-11D3-BF4B-00C04F79EFBC}") = "IntroTo.GameEngine.DiffuseRectangle", "IntroTo.GameEngine.DiffuseRectangle\IntroTo.GameEngine.DiffuseRectangle.csproj", "{F894E7B0-A8B4-4118-86FB-9AAB08BE0EF5}"
EndProject
Global
	GlobalSection(SolutionConfigurationPlatforms) = preSolution
		Debug|Any CPU = Debug|Any CPU
		Release|Any CPU = Release|Any CPU
	EndGlobalSection
	GlobalSection(ProjectConfigurationPlatforms) = postSolution
		{7C884026-1736-4794-94DB-5AC7060C790F}.Debug|Any CPU.ActiveCfg = Debug|Any CPU
		{7C884026-1736-4794-94DB-5AC7060C790F}.Debug|Any CPU.Build.0 = Debug|Any CPU
		{7C884026-1736-4794-94DB-5AC7060C790F}.Release|Any CPU.ActiveCfg = Release|Any CPU
		{7C884026-1736-4794-94DB-5AC7060C790F}.Release|Any CPU.Build.0 = Release|Any CPU
		{A46B36F0-3114-4340-92D1-2E3D91D04C48}.Debug|Any CPU.ActiveCfg = Debug|Any CPU
		{A46B36F0-3114-4340-92D1-2E3D91D04C48}.Debug|Any CPU.Build.0 = Debug|Any CPU
		{A46B36F0-3114-4340-92D1-2E3D91D04C48}.Release|Any CPU.ActiveCfg = Release|Any CPU
		{A46B36F0-3114-4340-92D1-2E3D91D04C48}.Release|Any CPU.Build.0 = Release|Any CPU
		{F894E7B0-A8B4-4118-86FB-9AAB08BE0EF5}.Debug|Any CPU.ActiveCfg = Debug|Any CPU
		{F894E7B0-A8B4-4118-86FB-9AAB08BE0EF5}.Debug|Any CPU.Build.0 = Debug|Any CPU
		{F894E7B0-A8B4-4118-86FB-9AAB08BE0EF5}.Release|Any CPU.ActiveCfg = Release|Any CPU
		{F894E7B0-A8B4-4118-86FB-9AAB08BE0EF5}.Release|Any CPU.Build.0 = Release|Any CPU
	EndGlobalSection
	GlobalSection(SolutionProperties) = preSolution
		HideSolutionNode = FALSE
	EndGlobalSection
	GlobalSection(ExtensibilityGlobals) = postSolution
		SolutionGuid = {C433A39E-3989-4DFD-8531-19078EEB253D}
	EndGlobalSection
EndGlobal
